
Microsoft Visual Studio Solution File, Format Version 12.00
# Visual Studio Version 16
VisualStudioVersion = 16.0.31702.278
MinimumVisualStudioVersion = 10.0.40219.1
Project("{FAE04EC0-301F-11D3-BF4B-00C04F79EFBC}") = "TallyConnector", "TallyConnector\TallyConnector.csproj", "{DC8CF579-F54C-4ADD-B547-B93E0AFCDEA5}"
EndProject
Global
	GlobalSection(SolutionConfigurationPlatforms) = preSolution
		Debug|Any CPU = Debug|Any CPU
		Release|Any CPU = Release|Any CPU
	EndGlobalSection
	GlobalSection(ProjectConfigurationPlatforms) = postSolution
		{DC8CF579-F54C-4ADD-B547-B93E0AFCDEA5}.Debug|Any CPU.ActiveCfg = Debug|Any CPU
		{DC8CF579-F54C-4ADD-B547-B93E0AFCDEA5}.Debug|Any CPU.Build.0 = Debug|Any CPU
		{DC8CF579-F54C-4ADD-B547-B93E0AFCDEA5}.Release|Any CPU.ActiveCfg = Release|Any CPU
		{DC8CF579-F54C-4ADD-B547-B93E0AFCDEA5}.Release|Any CPU.Build.0 = Release|Any CPU
	EndGlobalSection
	GlobalSection(SolutionProperties) = preSolution
		HideSolutionNode = FALSE
	EndGlobalSection
	GlobalSection(ExtensibilityGlobals) = postSolution
		SolutionGuid = {46052DF3-7FC8-4031-A5DF-14AB59A20B11}
	EndGlobalSection
EndGlobal
